
Microsoft Visual Studio Solution File, Format Version 12.00
# Visual Studio Version 17
VisualStudioVersion = 17.4.33213.308
MinimumVisualStudioVersion = 10.0.40219.1
Project("{FAE04EC0-301F-11D3-BF4B-00C04F79EFBC}") = "GenerateBinary", "GenerateBinary.csproj", "{9C1CFC06-D7DB-428C-AFE0-AED98E81A876}"
EndProject
Global
	GlobalSection(SolutionConfigurationPlatforms) = preSolution
		Debug|Any CPU = Debug|Any CPU
		Release|Any CPU = Release|Any CPU
	EndGlobalSection
	GlobalSection(ProjectConfigurationPlatforms) = postSolution
		{9C1CFC06-D7DB-428C-AFE0-AED98E81A876}.Debug|Any CPU.ActiveCfg = Debug|Any CPU
		{9C1CFC06-D7DB-428C-AFE0-AED98E81A876}.Debug|Any CPU.Build.0 = Debug|Any CPU
		{9C1CFC06-D7DB-428C-AFE0-AED98E81A876}.Release|Any CPU.ActiveCfg = Release|Any CPU
		{9C1CFC06-D7DB-428C-AFE0-AED98E81A876}.Release|Any CPU.Build.0 = Release|Any CPU
	EndGlobalSection
	GlobalSection(SolutionProperties) = preSolution
		HideSolutionNode = FALSE
	EndGlobalSection
	GlobalSection(ExtensibilityGlobals) = postSolution
		SolutionGuid = {648EE7A7-364F-47DF-9B9C-3E69692BD1DD}
	EndGlobalSection
EndGlobal
